PODS:
  - AccountKit (5.0.1)
  - AnimatedField (2.2.0)
  - FacebookCore (0.7.0):
    - FBSDKCoreKit (~> 5.0)
  - FacebookLogin (0.7.0):
    - FacebookCore (~> 0.7)
    - FBSDKCoreKit (~> 5.0)
    - FBSDKLoginKit (~> 5.0)
  - FBSDKCoreKit (5.2.1):
    - FBSDKCoreKit/Basics (= 5.2.1)
    - FBSDKCoreKit/Core (= 5.2.1)
  - FBSDKCoreKit/Basics (5.2.1)
  - FBSDKCoreKit/Core (5.2.1):
    - FBSDKCoreKit/Basics
  - FBSDKLoginKit (5.2.1):
    - FBSDKCoreKit (~> 5.0)
  - GoogleSignIn (4.4.0):
    - "GoogleToolboxForMac/NSDictionary+URLArguments (~> 2.1)"
    - "GoogleToolboxForMac/NSString+URLArguments (~> 2.1)"
    - GTMSessionFetcher/Core (~> 1.1)
  - GoogleToolboxForMac/DebugUtils (2.2.1):
    - GoogleToolboxForMac/Defines (= 2.2.1)
  - GoogleToolboxForMac/Defines (2.2.1)
  - "GoogleToolboxForMac/NSDictionary+URLArguments (2.2.1)":
    - GoogleToolboxForMac/DebugUtils (= 2.2.1)
    - GoogleToolboxForMac/Defines (= 2.2.1)
    - "GoogleToolboxForMac/NSString+URLArguments (= 2.2.1)"
  - "GoogleToolboxForMac/NSString+URLArguments (2.2.1)"
  - GTMSessionFetcher/Core (1.2.2)
  - IHProgressHUD (0.1.4)
  - LoginKit (0.1.0):
    - AccountKit (~> 5.0)
    - AnimatedField (~> 2.2)
    - FacebookCore (~> 0.7)
    - FacebookLogin (~> 0.7)
    - GoogleSignIn (~> 4.4)
  - Reveal-SDK (23)

DEPENDENCIES:
  - IHProgressHUD
  - LoginKit (from `../`)
  - Reveal-SDK

SPEC REPOS:
  https://github.com/cocoapods/specs.git:
    - AccountKit
    - AnimatedField
    - FacebookCore
    - FacebookLogin
    - FBSDKCoreKit
    - FBSDKLoginKit
    - GoogleSignIn
    - GoogleToolboxForMac
    - GTMSessionFetcher
    - IHProgressHUD
    - Reveal-SDK

EXTERNAL SOURCES:
  LoginKit:
    :path: "../"

SPEC CHECKSUMS:
  AccountKit: d05258857e74b04386c263a1365b27dbb5ff62b9
  AnimatedField: d502b7cafcc6cd6a3b16835c68c20e44c15d7704
  FacebookCore: 4eee98476cb37a485af5d337eb21f8cd5b3c7e6c
  FacebookLogin: 94cdad6850e86a2b04704dedfe7674a7af8148eb
  FBSDKCoreKit: e1ab8d86f5eea2d7aa6ab12acca3e1d2dcb11983
  FBSDKLoginKit: 6e20e44775ddf4b159a8ca676834325e13d12221
  GoogleSignIn: 7ff245e1a7b26d379099d3243a562f5747e23d39
  GoogleToolboxForMac: b3553629623a3b1bff17f555e736cd5a6d95ad55
  GTMSessionFetcher: 61bb0f61a4cb560030f1222021178008a5727a23
  IHProgressHUD: a01846bfbb581c761c79747c67b08387c3bdfae3
  LoginKit: aa7a701689438f1c02b49fcf34a2744369fc1a05
  Reveal-SDK: bb223749b198a2b9bad6043ec6ad748f99e7abe5

PODFILE CHECKSUM: 427f553b298b07540c3c879c6b926b6370c17a3c

COCOAPODS: 1.7.2
